PODS:
  - Alamofire (5.0.4)
  - AlamofireImage (4.0.3):
    - Alamofire (< 6.0.0, >= 5.0.2)
  - InputBarAccessoryView (4.3.2):
    - InputBarAccessoryView/Core (= 4.3.2)
  - InputBarAccessoryView/Core (4.3.2)
  - MessageKit (3.1.0):
    - InputBarAccessoryView (~> 4.3.0)
  - SendBirdSDK (3.0.174)

DEPENDENCIES:
  - AlamofireImage
  - MessageKit
  - SendBirdSDK

SPEC REPOS:
  trunk:
    - Alamofire
    - AlamofireImage
    - InputBarAccessoryView
    - MessageKit
    - SendBirdSDK

SPEC CHECKSUMS:
  Alamofire: 0fe5fd24b4298dc377a6550da7d5f1b30e286fcb
  AlamofireImage: 3d1a2010519e58675318735580eb856e88840ff7
  InputBarAccessoryView: 7985d418040a05fe894bd4b8328dd43ab35517c3
  MessageKit: 3beb578737a5aa2bba25cc27c7b6d6faa09af5a7
  SendBirdSDK: 9ce1e77baa2d09e1a01fc8f712963a720da8e9c7

PODFILE CHECKSUM: 70adfa9c45b396a5efe2efe64f0ae12ab1a658c9

COCOAPODS: 1.8.4
